
Microsoft Visual Studio Solution File, Format Version 12.00
# Visual Studio Version 17
VisualStudioVersion = 17.2.32616.157
MinimumVisualStudioVersion = 10.0.40219.1
Project("{FAE04EC0-301F-11D3-BF4B-00C04F79EFBC}") = "CSE3110", "CSE3110\CSE3110.csproj", "{9DC97F8E-7BC5-48F6-8A31-D8200AEFFA2A}"
EndProject
Global
	GlobalSection(SolutionConfigurationPlatforms) = preSolution
		Debug|Any CPU = Debug|Any CPU
		Release|Any CPU = Release|Any CPU
	EndGlobalSection
	GlobalSection(ProjectConfigurationPlatforms) = postSolution
		{9DC97F8E-7BC5-48F6-8A31-D8200AEFFA2A}.Debug|Any CPU.ActiveCfg = Debug|Any CPU
		{9DC97F8E-7BC5-48F6-8A31-D8200AEFFA2A}.Debug|Any CPU.Build.0 = Debug|Any CPU
		{9DC97F8E-7BC5-48F6-8A31-D8200AEFFA2A}.Release|Any CPU.ActiveCfg = Release|Any CPU
		{9DC97F8E-7BC5-48F6-8A31-D8200AEFFA2A}.Release|Any CPU.Build.0 = Release|Any CPU
	EndGlobalSection
	GlobalSection(SolutionProperties) = preSolution
		HideSolutionNode = FALSE
	EndGlobalSection
	GlobalSection(ExtensibilityGlobals) = postSolution
		SolutionGuid = {1F4B5955-EC9B-4D71-BB3C-3B99A47004E8}
	EndGlobalSection
EndGlobal
